
Microsoft Visual Studio Solution File, Format Version 12.00
# Visual Studio Version 17
VisualStudioVersion = 17.9.34728.123
MinimumVisualStudioVersion = 10.0.40219.1
Project("{9A19103F-16F7-4668-BE54-9A1E7A4F7556}") = "API", "API\API.csproj", "{7E3A7FA1-C0D2-4CF3-BEE9-25203DC016AF}"
EndProject
Project("{9A19103F-16F7-4668-BE54-9A1E7A4F7556}") = "Tests", "Tests\Tests.csproj", "{2C3FADBB-D481-4081-B1F1-E663BC6C010A}"
EndProject
Global
	GlobalSection(SolutionConfigurationPlatforms) = preSolution
		Debug|Any CPU = Debug|Any CPU
		Release|Any CPU = Release|Any CPU
	EndGlobalSection
	GlobalSection(ProjectConfigurationPlatforms) = postSolution
		{7E3A7FA1-C0D2-4CF3-BEE9-25203DC016AF}.Debug|Any CPU.ActiveCfg = Debug|Any CPU
		{7E3A7FA1-C0D2-4CF3-BEE9-25203DC016AF}.Debug|Any CPU.Build.0 = Debug|Any CPU
		{7E3A7FA1-C0D2-4CF3-BEE9-25203DC016AF}.Release|Any CPU.ActiveCfg = Release|Any CPU
		{7E3A7FA1-C0D2-4CF3-BEE9-25203DC016AF}.Release|Any CPU.Build.0 = Release|Any CPU
		{2C3FADBB-D481-4081-B1F1-E663BC6C010A}.Debug|Any CPU.ActiveCfg = Debug|Any CPU
		{2C3FADBB-D481-4081-B1F1-E663BC6C010A}.Debug|Any CPU.Build.0 = Debug|Any CPU
		{2C3FADBB-D481-4081-B1F1-E663BC6C010A}.Release|Any CPU.ActiveCfg = Release|Any CPU
		{2C3FADBB-D481-4081-B1F1-E663BC6C010A}.Release|Any CPU.Build.0 = Release|Any CPU
	EndGlobalSection
	GlobalSection(SolutionProperties) = preSolution
		HideSolutionNode = FALSE
	EndGlobalSection
	GlobalSection(ExtensibilityGlobals) = postSolution
		SolutionGuid = {3FAE00BB-AE08-4FF9-8039-83FBEEF1C358}
	EndGlobalSection
EndGlobal
